{
  "originHash" : "e55ecac83d4d1c4c12a4ce90a25367f908d6a7dc55fed4644b32e8f530b45608",
  "pins" : [
    {
      "identity" : "cryptoswift",
      "kind" : "remoteSourceControl",
      "location" : "https://github.com/royalapplications/CryptoSwift.git",
      "state" : {
        "branch" : "foundationessentials",
        "revision" : "a59b4d91ebb22011656c830f874fe7152e183a57"
      }
    }
  ],
  "version" : 3
}
