{
  "originHash" : "6d01450273126b5f52366becf08f1d6fff084e9c957462185fddf285d7fb0192",
  "pins" : [
    {
      "identity" : "cryptoswift",
      "kind" : "remoteSourceControl",
      "location" : "https://github.com/royalapplications/CryptoSwift.git",
      "state" : {
        "revision" : "a59b4d91ebb22011656c830f874fe7152e183a57"
      }
    }
  ],
  "version" : 3
}
